
Microsoft Visual Studio Solution File, Format Version 12.00
# Visual Studio Version 17
VisualStudioVersion = 17.5.33516.290
MinimumVisualStudioVersion = 10.0.40219.1
Project("{FAE04EC0-301F-11D3-BF4B-00C04F79EFBC}") = "BrainBitDemo.UWP", "BrainBitDemo\BrainBitDemo.UWP\BrainBitDemo.UWP.csproj", "{CF3D1020-3ABB-410E-B6F3-D9B931FF5A9F}"
EndProject
Project("{FAE04EC0-301F-11D3-BF4B-00C04F79EFBC}") = "BrainBitDemo.Android", "BrainBitDemo\BrainBitDemo.Android\BrainBitDemo.Android.csproj", "{A72656A2-8032-4195-B0B9-F09ACF6B0FA1}"
EndProject
Project("{FAE04EC0-301F-11D3-BF4B-00C04F79EFBC}") = "BrainBitDemo.iOS", "BrainBitDemo\BrainBitDemo.iOS\BrainBitDemo.iOS.csproj", "{051772DC-91C8-45C7-A07C-D4A499841A69}"
EndProject
Project("{FAE04EC0-301F-11D3-BF4B-00C04F79EFBC}") = "BrainBitDemo", "BrainBitDemo\BrainBitDemo\BrainBitDemo.csproj", "{DF064284-6027-4536-A87B-40502058AE59}"
EndProject
Global
	GlobalSection(SolutionConfigurationPlatforms) = preSolution
		Debug|Any CPU = Debug|Any CPU
		Debug|ARM = Debug|ARM
		Debug|iPhone = Debug|iPhone
		Debug|iPhoneSimulator = Debug|iPhoneSimulator
		Debug|x64 = Debug|x64
		Debug|x86 = Debug|x86
		Release|Any CPU = Release|Any CPU
		Release|ARM = Release|ARM
		Release|iPhone = Release|iPhone
		Release|iPhoneSimulator = Release|iPhoneSimulator
		Release|x64 = Release|x64
		Release|x86 = Release|x86
	EndGlobalSection
	GlobalSection(ProjectConfigurationPlatforms) = postSolution
		{CF3D1020-3ABB-410E-B6F3-D9B931FF5A9F}.Debug|Any CPU.ActiveCfg = Debug|x64
		{CF3D1020-3ABB-410E-B6F3-D9B931FF5A9F}.Debug|Any CPU.Build.0 = Debug|x64
		{CF3D1020-3ABB-410E-B6F3-D9B931FF5A9F}.Debug|Any CPU.Deploy.0 = Debug|x64
		{CF3D1020-3ABB-410E-B6F3-D9B931FF5A9F}.Debug|ARM.ActiveCfg = Debug|ARM
		{CF3D1020-3ABB-410E-B6F3-D9B931FF5A9F}.Debug|ARM.Build.0 = Debug|ARM
		{CF3D1020-3ABB-410E-B6F3-D9B931FF5A9F}.Debug|ARM.Deploy.0 = Debug|ARM
		{CF3D1020-3ABB-410E-B6F3-D9B931FF5A9F}.Debug|iPhone.ActiveCfg = Debug|x64
		{CF3D1020-3ABB-410E-B6F3-D9B931FF5A9F}.Debug|iPhone.Build.0 = Debug|x64
		{CF3D1020-3ABB-410E-B6F3-D9B931FF5A9F}.Debug|iPhone.Deploy.0 = Debug|x64
		{CF3D1020-3ABB-410E-B6F3-D9B931FF5A9F}.Debug|iPhoneSimulator.ActiveCfg = Debug|x64
		{CF3D1020-3ABB-410E-B6F3-D9B931FF5A9F}.Debug|iPhoneSimulator.Build.0 = Debug|x64
		{CF3D1020-3ABB-410E-B6F3-D9B931FF5A9F}.Debug|iPhoneSimulator.Deploy.0 = Debug|x64
		{CF3D1020-3ABB-410E-B6F3-D9B931FF5A9F}.Debug|x64.ActiveCfg = Debug|x64
		{CF3D1020-3ABB-410E-B6F3-D9B931FF5A9F}.Debug|x64.Build.0 = Debug|x64
		{CF3D1020-3ABB-410E-B6F3-D9B931FF5A9F}.Debug|x64.Deploy.0 = Debug|x64
		{CF3D1020-3ABB-410E-B6F3-D9B931FF5A9F}.Debug|x86.ActiveCfg = Debug|x86
		{CF3D1020-3ABB-410E-B6F3-D9B931FF5A9F}.Debug|x86.Build.0 = Debug|x86
		{CF3D1020-3ABB-410E-B6F3-D9B931FF5A9F}.Debug|x86.Deploy.0 = Debug|x86
		{CF3D1020-3ABB-410E-B6F3-D9B931FF5A9F}.Release|Any CPU.ActiveCfg = Release|x64
		{CF3D1020-3ABB-410E-B6F3-D9B931FF5A9F}.Release|Any CPU.Build.0 = Release|x64
		{CF3D1020-3ABB-410E-B6F3-D9B931FF5A9F}.Release|Any CPU.Deploy.0 = Release|x64
		{CF3D1020-3ABB-410E-B6F3-D9B931FF5A9F}.Release|ARM.ActiveCfg = Release|ARM
		{CF3D1020-3ABB-410E-B6F3-D9B931FF5A9F}.Release|ARM.Build.0 = Release|ARM
		{CF3D1020-3ABB-410E-B6F3-D9B931FF5A9F}.Release|ARM.Deploy.0 = Release|ARM
		{CF3D1020-3ABB-410E-B6F3-D9B931FF5A9F}.Release|iPhone.ActiveCfg = Release|x64
		{CF3D1020-3ABB-410E-B6F3-D9B931FF5A9F}.Release|iPhone.Build.0 = Release|x64
		{CF3D1020-3ABB-410E-B6F3-D9B931FF5A9F}.Release|iPhone.Deploy.0 = Release|x64
		{CF3D1020-3ABB-410E-B6F3-D9B931FF5A9F}.Release|iPhoneSimulator.ActiveCfg = Release|x64
		{CF3D1020-3ABB-410E-B6F3-D9B931FF5A9F}.Release|iPhoneSimulator.Build.0 = Release|x64
		{CF3D1020-3ABB-410E-B6F3-D9B931FF5A9F}.Release|iPhoneSimulator.Deploy.0 = Release|x64
		{CF3D1020-3ABB-410E-B6F3-D9B931FF5A9F}.Release|x64.ActiveCfg = Release|x64
		{CF3D1020-3ABB-410E-B6F3-D9B931FF5A9F}.Release|x64.Build.0 = Release|x64
		{CF3D1020-3ABB-410E-B6F3-D9B931FF5A9F}.Release|x64.Deploy.0 = Release|x64
		{CF3D1020-3ABB-410E-B6F3-D9B931FF5A9F}.Release|x86.ActiveCfg = Release|x86
		{CF3D1020-3ABB-410E-B6F3-D9B931FF5A9F}.Release|x86.Build.0 = Release|x86
		{CF3D1020-3ABB-410E-B6F3-D9B931FF5A9F}.Release|x86.Deploy.0 = Release|x86
		{A72656A2-8032-4195-B0B9-F09ACF6B0FA1}.Debug|Any CPU.ActiveCfg = Debug|Any CPU
		{A72656A2-8032-4195-B0B9-F09ACF6B0FA1}.Debug|Any CPU.Build.0 = Debug|Any CPU
		{A72656A2-8032-4195-B0B9-F09ACF6B0FA1}.Debug|Any CPU.Deploy.0 = Debug|Any CPU
		{A72656A2-8032-4195-B0B9-F09ACF6B0FA1}.Debug|ARM.ActiveCfg = Debug|Any CPU
		{A72656A2-8032-4195-B0B9-F09ACF6B0FA1}.Debug|ARM.Build.0 = Debug|Any CPU
		{A72656A2-8032-4195-B0B9-F09ACF6B0FA1}.Debug|ARM.Deploy.0 = Debug|Any CPU
		{A72656A2-8032-4195-B0B9-F09ACF6B0FA1}.Debug|iPhone.ActiveCfg = Debug|Any CPU
		{A72656A2-8032-4195-B0B9-F09ACF6B0FA1}.Debug|iPhone.Build.0 = Debug|Any CPU
		{A72656A2-8032-4195-B0B9-F09ACF6B0FA1}.Debug|iPhone.Deploy.0 = Debug|Any CPU
		{A72656A2-8032-4195-B0B9-F09ACF6B0FA1}.Debug|iPhoneSimulator.ActiveCfg = Debug|Any CPU
		{A72656A2-8032-4195-B0B9-F09ACF6B0FA1}.Debug|iPhoneSimulator.Build.0 = Debug|Any CPU
		{A72656A2-8032-4195-B0B9-F09ACF6B0FA1}.Debug|iPhoneSimulator.Deploy.0 = Debug|Any CPU
		{A72656A2-8032-4195-B0B9-F09ACF6B0FA1}.Debug|x64.ActiveCfg = Debug|Any CPU
		{A72656A2-8032-4195-B0B9-F09ACF6B0FA1}.Debug|x64.Build.0 = Debug|Any CPU
		{A72656A2-8032-4195-B0B9-F09ACF6B0FA1}.Debug|x64.Deploy.0 = Debug|Any CPU
		{A72656A2-8032-4195-B0B9-F09ACF6B0FA1}.Debug|x86.ActiveCfg = Debug|Any CPU
		{A72656A2-8032-4195-B0B9-F09ACF6B0FA1}.Debug|x86.Build.0 = Debug|Any CPU
		{A72656A2-8032-4195-B0B9-F09ACF6B0FA1}.Debug|x86.Deploy.0 = Debug|Any CPU
		{A72656A2-8032-4195-B0B9-F09ACF6B0FA1}.Release|Any CPU.ActiveCfg = Release|Any CPU
		{A72656A2-8032-4195-B0B9-F09ACF6B0FA1}.Release|Any CPU.Build.0 = Release|Any CPU
		{A72656A2-8032-4195-B0B9-F09ACF6B0FA1}.Release|Any CPU.Deploy.0 = Release|Any CPU
		{A72656A2-8032-4195-B0B9-F09ACF6B0FA1}.Release|ARM.ActiveCfg = Release|Any CPU
		{A72656A2-8032-4195-B0B9-F09ACF6B0FA1}.Release|ARM.Build.0 = Release|Any CPU
		{A72656A2-8032-4195-B0B9-F09ACF6B0FA1}.Release|ARM.Deploy.0 = Release|Any CPU
		{A72656A2-8032-4195-B0B9-F09ACF6B0FA1}.Release|iPhone.ActiveCfg = Release|Any CPU
		{A72656A2-8032-4195-B0B9-F09ACF6B0FA1}.Release|iPhone.Build.0 = Release|Any CPU
		{A72656A2-8032-4195-B0B9-F09ACF6B0FA1}.Release|iPhone.Deploy.0 = Release|Any CPU
		{A72656A2-8032-4195-B0B9-F09ACF6B0FA1}.Release|iPhoneSimulator.ActiveCfg = Release|Any CPU
		{A72656A2-8032-4195-B0B9-F09ACF6B0FA1}.Release|iPhoneSimulator.Build.0 = Release|Any CPU
		{A72656A2-8032-4195-B0B9-F09ACF6B0FA1}.Release|iPhoneSimulator.Deploy.0 = Release|Any CPU
		{A72656A2-8032-4195-B0B9-F09ACF6B0FA1}.Release|x64.ActiveCfg = Release|Any CPU
		{A72656A2-8032-4195-B0B9-F09ACF6B0FA1}.Release|x64.Build.0 = Release|Any CPU
		{A72656A2-8032-4195-B0B9-F09ACF6B0FA1}.Release|x64.Deploy.0 = Release|Any CPU
		{A72656A2-8032-4195-B0B9-F09ACF6B0FA1}.Release|x86.ActiveCfg = Release|Any CPU
		{A72656A2-8032-4195-B0B9-F09ACF6B0FA1}.Release|x86.Build.0 = Release|Any CPU
		{A72656A2-8032-4195-B0B9-F09ACF6B0FA1}.Release|x86.Deploy.0 = Release|Any CPU
		{051772DC-91C8-45C7-A07C-D4A499841A69}.Debug|Any CPU.ActiveCfg = Debug|iPhoneSimulator
		{051772DC-91C8-45C7-A07C-D4A499841A69}.Debug|Any CPU.Build.0 = Debug|iPhoneSimulator
		{051772DC-91C8-45C7-A07C-D4A499841A69}.Debug|Any CPU.Deploy.0 = Debug|iPhoneSimulator
		{051772DC-91C8-45C7-A07C-D4A499841A69}.Debug|ARM.ActiveCfg = Debug|iPhoneSimulator
		{051772DC-91C8-45C7-A07C-D4A499841A69}.Debug|ARM.Build.0 = Debug|iPhoneSimulator
		{051772DC-91C8-45C7-A07C-D4A499841A69}.Debug|ARM.Deploy.0 = Debug|iPhoneSimulator
		{051772DC-91C8-45C7-A07C-D4A499841A69}.Debug|iPhone.ActiveCfg = Debug|iPhone
		{051772DC-91C8-45C7-A07C-D4A499841A69}.Debug|iPhone.Build.0 = Debug|iPhone
		{051772DC-91C8-45C7-A07C-D4A499841A69}.Debug|iPhone.Deploy.0 = Debug|iPhone
		{051772DC-91C8-45C7-A07C-D4A499841A69}.Debug|iPhoneSimulator.ActiveCfg = Debug|iPhoneSimulator
		{051772DC-91C8-45C7-A07C-D4A499841A69}.Debug|iPhoneSimulator.Build.0 = Debug|iPhoneSimulator
		{051772DC-91C8-45C7-A07C-D4A499841A69}.Debug|iPhoneSimulator.Deploy.0 = Debug|iPhoneSimulator
		{051772DC-91C8-45C7-A07C-D4A499841A69}.Debug|x64.ActiveCfg = Debug|iPhone
		{051772DC-91C8-45C7-A07C-D4A499841A69}.Debug|x64.Build.0 = Debug|iPhone
		{051772DC-91C8-45C7-A07C-D4A499841A69}.Debug|x64.Deploy.0 = Debug|iPhone
		{051772DC-91C8-45C7-A07C-D4A499841A69}.Debug|x86.ActiveCfg = Debug|iPhoneSimulator
		{051772DC-91C8-45C7-A07C-D4A499841A69}.Debug|x86.Build.0 = Debug|iPhoneSimulator
		{051772DC-91C8-45C7-A07C-D4A499841A69}.Debug|x86.Deploy.0 = Debug|iPhoneSimulator
		{051772DC-91C8-45C7-A07C-D4A499841A69}.Release|Any CPU.ActiveCfg = Release|iPhoneSimulator
		{051772DC-91C8-45C7-A07C-D4A499841A69}.Release|Any CPU.Build.0 = Release|iPhoneSimulator
		{051772DC-91C8-45C7-A07C-D4A499841A69}.Release|Any CPU.Deploy.0 = Release|iPhoneSimulator
		{051772DC-91C8-45C7-A07C-D4A499841A69}.Release|ARM.ActiveCfg = Release|iPhoneSimulator
		{051772DC-91C8-45C7-A07C-D4A499841A69}.Release|ARM.Build.0 = Release|iPhoneSimulator
		{051772DC-91C8-45C7-A07C-D4A499841A69}.Release|ARM.Deploy.0 = Release|iPhoneSimulator
		{051772DC-91C8-45C7-A07C-D4A499841A69}.Release|iPhone.ActiveCfg = Release|iPhone
		{051772DC-91C8-45C7-A07C-D4A499841A69}.Release|iPhone.Build.0 = Release|iPhone
		{051772DC-91C8-45C7-A07C-D4A499841A69}.Release|iPhone.Deploy.0 = Release|iPhone
		{051772DC-91C8-45C7-A07C-D4A499841A69}.Release|iPhoneSimulator.ActiveCfg = Release|iPhoneSimulator
		{051772DC-91C8-45C7-A07C-D4A499841A69}.Release|iPhoneSimulator.Build.0 = Release|iPhoneSimulator
		{051772DC-91C8-45C7-A07C-D4A499841A69}.Release|iPhoneSimulator.Deploy.0 = Release|iPhoneSimulator
		{051772DC-91C8-45C7-A07C-D4A499841A69}.Release|x64.ActiveCfg = Release|iPhoneSimulator
		{051772DC-91C8-45C7-A07C-D4A499841A69}.Release|x64.Build.0 = Release|iPhoneSimulator
		{051772DC-91C8-45C7-A07C-D4A499841A69}.Release|x64.Deploy.0 = Release|iPhoneSimulator
		{051772DC-91C8-45C7-A07C-D4A499841A69}.Release|x86.ActiveCfg = Release|iPhoneSimulator
		{051772DC-91C8-45C7-A07C-D4A499841A69}.Release|x86.Build.0 = Release|iPhoneSimulator
		{051772DC-91C8-45C7-A07C-D4A499841A69}.Release|x86.Deploy.0 = Release|iPhoneSimulator
		{DF064284-6027-4536-A87B-40502058AE59}.Debug|Any CPU.ActiveCfg = Debug|Any CPU
		{DF064284-6027-4536-A87B-40502058AE59}.Debug|Any CPU.Build.0 = Debug|Any CPU
		{DF064284-6027-4536-A87B-40502058AE59}.Debug|Any CPU.Deploy.0 = Debug|Any CPU
		{DF064284-6027-4536-A87B-40502058AE59}.Debug|ARM.ActiveCfg = Debug|Any CPU
		{DF064284-6027-4536-A87B-40502058AE59}.Debug|ARM.Build.0 = Debug|Any CPU
		{DF064284-6027-4536-A87B-40502058AE59}.Debug|ARM.Deploy.0 = Debug|Any CPU
		{DF064284-6027-4536-A87B-40502058AE59}.Debug|iPhone.ActiveCfg = Debug|Any CPU
		{DF064284-6027-4536-A87B-40502058AE59}.Debug|iPhone.Build.0 = Debug|Any CPU
		{DF064284-6027-4536-A87B-40502058AE59}.Debug|iPhone.Deploy.0 = Debug|Any CPU
		{DF064284-6027-4536-A87B-40502058AE59}.Debug|iPhoneSimulator.ActiveCfg = Debug|Any CPU
		{DF064284-6027-4536-A87B-40502058AE59}.Debug|iPhoneSimulator.Build.0 = Debug|Any CPU
		{DF064284-6027-4536-A87B-40502058AE59}.Debug|iPhoneSimulator.Deploy.0 = Debug|Any CPU
		{DF064284-6027-4536-A87B-40502058AE59}.Debug|x64.ActiveCfg = Debug|Any CPU
		{DF064284-6027-4536-A87B-40502058AE59}.Debug|x64.Build.0 = Debug|Any CPU
		{DF064284-6027-4536-A87B-40502058AE59}.Debug|x64.Deploy.0 = Debug|Any CPU
		{DF064284-6027-4536-A87B-40502058AE59}.Debug|x86.ActiveCfg = Debug|Any CPU
		{DF064284-6027-4536-A87B-40502058AE59}.Debug|x86.Build.0 = Debug|Any CPU
		{DF064284-6027-4536-A87B-40502058AE59}.Debug|x86.Deploy.0 = Debug|Any CPU
		{DF064284-6027-4536-A87B-40502058AE59}.Release|Any CPU.ActiveCfg = Release|Any CPU
		{DF064284-6027-4536-A87B-40502058AE59}.Release|Any CPU.Build.0 = Release|Any CPU
		{DF064284-6027-4536-A87B-40502058AE59}.Release|Any CPU.Deploy.0 = Release|Any CPU
		{DF064284-6027-4536-A87B-40502058AE59}.Release|ARM.ActiveCfg = Release|Any CPU
		{DF064284-6027-4536-A87B-40502058AE59}.Release|ARM.Build.0 = Release|Any CPU
		{DF064284-6027-4536-A87B-40502058AE59}.Release|ARM.Deploy.0 = Release|Any CPU
		{DF064284-6027-4536-A87B-40502058AE59}.Release|iPhone.ActiveCfg = Release|Any CPU
		{DF064284-6027-4536-A87B-40502058AE59}.Release|iPhone.Build.0 = Release|Any CPU
		{DF064284-6027-4536-A87B-40502058AE59}.Release|iPhone.Deploy.0 = Release|Any CPU
		{DF064284-6027-4536-A87B-40502058AE59}.Release|iPhoneSimulator.ActiveCfg = Release|Any CPU
		{DF064284-6027-4536-A87B-40502058AE59}.Release|iPhoneSimulator.Build.0 = Release|Any CPU
		{DF064284-6027-4536-A87B-40502058AE59}.Release|iPhoneSimulator.Deploy.0 = Release|Any CPU
		{DF064284-6027-4536-A87B-40502058AE59}.Release|x64.ActiveCfg = Release|Any CPU
		{DF064284-6027-4536-A87B-40502058AE59}.Release|x64.Build.0 = Release|Any CPU
		{DF064284-6027-4536-A87B-40502058AE59}.Release|x64.Deploy.0 = Release|Any CPU
		{DF064284-6027-4536-A87B-40502058AE59}.Release|x86.ActiveCfg = Release|Any CPU
		{DF064284-6027-4536-A87B-40502058AE59}.Release|x86.Build.0 = Release|Any CPU
		{DF064284-6027-4536-A87B-40502058AE59}.Release|x86.Deploy.0 = Release|Any CPU
	EndGlobalSection
	GlobalSection(SolutionProperties) = preSolution
		HideSolutionNode = FALSE
	EndGlobalSection
	GlobalSection(ExtensibilityGlobals) = postSolution
		SolutionGuid = {12F520FC-593F-48E7-B13D-95358367E53E}
	EndGlobalSection
EndGlobal
