
Microsoft Visual Studio Solution File, Format Version 12.00
# Visual Studio Version 17
VisualStudioVersion = 17.5.33516.290
MinimumVisualStudioVersion = 10.0.40219.1
Project("{FAE04EC0-301F-11D3-BF4B-00C04F79EFBC}") = "CallibriDemo.UWP", "CallibriDemo\CallibriDemo.UWP\CallibriDemo.UWP.csproj", "{612AE9AF-C602-46F0-8CB3-8E6C1FC18F0A}"
EndProject
Project("{FAE04EC0-301F-11D3-BF4B-00C04F79EFBC}") = "CallibriDemo.Android", "CallibriDemo\CallibriDemo.Android\CallibriDemo.Android.csproj", "{B3922FC3-DFC9-4E7C-8D78-E726CF33102C}"
EndProject
Project("{FAE04EC0-301F-11D3-BF4B-00C04F79EFBC}") = "CallibriDemo.iOS", "CallibriDemo\CallibriDemo.iOS\CallibriDemo.iOS.csproj", "{4040D0E4-F766-4919-B1AE-22D25D8D24AA}"
EndProject
Project("{FAE04EC0-301F-11D3-BF4B-00C04F79EFBC}") = "CallibriDemo", "CallibriDemo\CallibriDemo\CallibriDemo.csproj", "{29FBBDAD-8CCB-49DA-BABD-E284900279DE}"
EndProject
Global
	GlobalSection(SolutionConfigurationPlatforms) = preSolution
		Debug|Any CPU = Debug|Any CPU
		Debug|ARM = Debug|ARM
		Debug|iPhone = Debug|iPhone
		Debug|iPhoneSimulator = Debug|iPhoneSimulator
		Debug|x64 = Debug|x64
		Debug|x86 = Debug|x86
		Release|Any CPU = Release|Any CPU
		Release|ARM = Release|ARM
		Release|iPhone = Release|iPhone
		Release|iPhoneSimulator = Release|iPhoneSimulator
		Release|x64 = Release|x64
		Release|x86 = Release|x86
	EndGlobalSection
	GlobalSection(ProjectConfigurationPlatforms) = postSolution
		{612AE9AF-C602-46F0-8CB3-8E6C1FC18F0A}.Debug|Any CPU.ActiveCfg = Debug|x64
		{612AE9AF-C602-46F0-8CB3-8E6C1FC18F0A}.Debug|ARM.ActiveCfg = Debug|ARM
		{612AE9AF-C602-46F0-8CB3-8E6C1FC18F0A}.Debug|ARM.Build.0 = Debug|ARM
		{612AE9AF-C602-46F0-8CB3-8E6C1FC18F0A}.Debug|ARM.Deploy.0 = Debug|ARM
		{612AE9AF-C602-46F0-8CB3-8E6C1FC18F0A}.Debug|iPhone.ActiveCfg = Debug|x64
		{612AE9AF-C602-46F0-8CB3-8E6C1FC18F0A}.Debug|iPhoneSimulator.ActiveCfg = Debug|x64
		{612AE9AF-C602-46F0-8CB3-8E6C1FC18F0A}.Debug|x64.ActiveCfg = Debug|x64
		{612AE9AF-C602-46F0-8CB3-8E6C1FC18F0A}.Debug|x64.Build.0 = Debug|x64
		{612AE9AF-C602-46F0-8CB3-8E6C1FC18F0A}.Debug|x64.Deploy.0 = Debug|x64
		{612AE9AF-C602-46F0-8CB3-8E6C1FC18F0A}.Debug|x86.ActiveCfg = Debug|x86
		{612AE9AF-C602-46F0-8CB3-8E6C1FC18F0A}.Debug|x86.Build.0 = Debug|x86
		{612AE9AF-C602-46F0-8CB3-8E6C1FC18F0A}.Debug|x86.Deploy.0 = Debug|x86
		{612AE9AF-C602-46F0-8CB3-8E6C1FC18F0A}.Release|Any CPU.ActiveCfg = Release|x64
		{612AE9AF-C602-46F0-8CB3-8E6C1FC18F0A}.Release|ARM.ActiveCfg = Release|ARM
		{612AE9AF-C602-46F0-8CB3-8E6C1FC18F0A}.Release|ARM.Build.0 = Release|ARM
		{612AE9AF-C602-46F0-8CB3-8E6C1FC18F0A}.Release|ARM.Deploy.0 = Release|ARM
		{612AE9AF-C602-46F0-8CB3-8E6C1FC18F0A}.Release|iPhone.ActiveCfg = Release|x64
		{612AE9AF-C602-46F0-8CB3-8E6C1FC18F0A}.Release|iPhoneSimulator.ActiveCfg = Release|x64
		{612AE9AF-C602-46F0-8CB3-8E6C1FC18F0A}.Release|x64.ActiveCfg = Release|x64
		{612AE9AF-C602-46F0-8CB3-8E6C1FC18F0A}.Release|x64.Build.0 = Release|x64
		{612AE9AF-C602-46F0-8CB3-8E6C1FC18F0A}.Release|x64.Deploy.0 = Release|x64
		{612AE9AF-C602-46F0-8CB3-8E6C1FC18F0A}.Release|x86.ActiveCfg = Release|x86
		{612AE9AF-C602-46F0-8CB3-8E6C1FC18F0A}.Release|x86.Build.0 = Release|x86
		{612AE9AF-C602-46F0-8CB3-8E6C1FC18F0A}.Release|x86.Deploy.0 = Release|x86
		{612AE9AF-C602-46F0-8CB3-8E6C1FC18F0A}.Debug|Any CPU.Build.0 = Debug|x64
		{612AE9AF-C602-46F0-8CB3-8E6C1FC18F0A}.Debug|Any CPU.Deploy.0 = Debug|x64
		{B3922FC3-DFC9-4E7C-8D78-E726CF33102C}.Debug|Any CPU.ActiveCfg = Debug|Any CPU
		{B3922FC3-DFC9-4E7C-8D78-E726CF33102C}.Debug|Any CPU.Build.0 = Debug|Any CPU
		{B3922FC3-DFC9-4E7C-8D78-E726CF33102C}.Debug|Any CPU.Deploy.0 = Debug|Any CPU
		{B3922FC3-DFC9-4E7C-8D78-E726CF33102C}.Debug|ARM.ActiveCfg = Debug|Any CPU
		{B3922FC3-DFC9-4E7C-8D78-E726CF33102C}.Debug|ARM.Build.0 = Debug|Any CPU
		{B3922FC3-DFC9-4E7C-8D78-E726CF33102C}.Debug|ARM.Deploy.0 = Debug|Any CPU
		{B3922FC3-DFC9-4E7C-8D78-E726CF33102C}.Debug|iPhone.ActiveCfg = Debug|Any CPU
		{B3922FC3-DFC9-4E7C-8D78-E726CF33102C}.Debug|iPhone.Build.0 = Debug|Any CPU
		{B3922FC3-DFC9-4E7C-8D78-E726CF33102C}.Debug|iPhone.Deploy.0 = Debug|Any CPU
		{B3922FC3-DFC9-4E7C-8D78-E726CF33102C}.Debug|iPhoneSimulator.ActiveCfg = Debug|Any CPU
		{B3922FC3-DFC9-4E7C-8D78-E726CF33102C}.Debug|iPhoneSimulator.Build.0 = Debug|Any CPU
		{B3922FC3-DFC9-4E7C-8D78-E726CF33102C}.Debug|iPhoneSimulator.Deploy.0 = Debug|Any CPU
		{B3922FC3-DFC9-4E7C-8D78-E726CF33102C}.Debug|x64.ActiveCfg = Debug|Any CPU
		{B3922FC3-DFC9-4E7C-8D78-E726CF33102C}.Debug|x64.Build.0 = Debug|Any CPU
		{B3922FC3-DFC9-4E7C-8D78-E726CF33102C}.Debug|x64.Deploy.0 = Debug|Any CPU
		{B3922FC3-DFC9-4E7C-8D78-E726CF33102C}.Debug|x86.ActiveCfg = Debug|Any CPU
		{B3922FC3-DFC9-4E7C-8D78-E726CF33102C}.Debug|x86.Build.0 = Debug|Any CPU
		{B3922FC3-DFC9-4E7C-8D78-E726CF33102C}.Debug|x86.Deploy.0 = Debug|Any CPU
		{B3922FC3-DFC9-4E7C-8D78-E726CF33102C}.Release|Any CPU.ActiveCfg = Release|Any CPU
		{B3922FC3-DFC9-4E7C-8D78-E726CF33102C}.Release|Any CPU.Build.0 = Release|Any CPU
		{B3922FC3-DFC9-4E7C-8D78-E726CF33102C}.Release|Any CPU.Deploy.0 = Release|Any CPU
		{B3922FC3-DFC9-4E7C-8D78-E726CF33102C}.Release|ARM.ActiveCfg = Release|Any CPU
		{B3922FC3-DFC9-4E7C-8D78-E726CF33102C}.Release|ARM.Build.0 = Release|Any CPU
		{B3922FC3-DFC9-4E7C-8D78-E726CF33102C}.Release|ARM.Deploy.0 = Release|Any CPU
		{B3922FC3-DFC9-4E7C-8D78-E726CF33102C}.Release|iPhone.ActiveCfg = Release|Any CPU
		{B3922FC3-DFC9-4E7C-8D78-E726CF33102C}.Release|iPhone.Build.0 = Release|Any CPU
		{B3922FC3-DFC9-4E7C-8D78-E726CF33102C}.Release|iPhone.Deploy.0 = Release|Any CPU
		{B3922FC3-DFC9-4E7C-8D78-E726CF33102C}.Release|iPhoneSimulator.ActiveCfg = Release|Any CPU
		{B3922FC3-DFC9-4E7C-8D78-E726CF33102C}.Release|iPhoneSimulator.Build.0 = Release|Any CPU
		{B3922FC3-DFC9-4E7C-8D78-E726CF33102C}.Release|iPhoneSimulator.Deploy.0 = Release|Any CPU
		{B3922FC3-DFC9-4E7C-8D78-E726CF33102C}.Release|x64.ActiveCfg = Release|Any CPU
		{B3922FC3-DFC9-4E7C-8D78-E726CF33102C}.Release|x64.Build.0 = Release|Any CPU
		{B3922FC3-DFC9-4E7C-8D78-E726CF33102C}.Release|x64.Deploy.0 = Release|Any CPU
		{B3922FC3-DFC9-4E7C-8D78-E726CF33102C}.Release|x86.ActiveCfg = Release|Any CPU
		{B3922FC3-DFC9-4E7C-8D78-E726CF33102C}.Release|x86.Build.0 = Release|Any CPU
		{B3922FC3-DFC9-4E7C-8D78-E726CF33102C}.Release|x86.Deploy.0 = Release|Any CPU
		{4040D0E4-F766-4919-B1AE-22D25D8D24AA}.Debug|Any CPU.ActiveCfg = Debug|iPhone
		{4040D0E4-F766-4919-B1AE-22D25D8D24AA}.Debug|Any CPU.Build.0 = Debug|iPhone
		{4040D0E4-F766-4919-B1AE-22D25D8D24AA}.Debug|Any CPU.Deploy.0 = Debug|iPhone
		{4040D0E4-F766-4919-B1AE-22D25D8D24AA}.Debug|ARM.ActiveCfg = Debug|iPhoneSimulator
		{4040D0E4-F766-4919-B1AE-22D25D8D24AA}.Debug|ARM.Build.0 = Debug|iPhoneSimulator
		{4040D0E4-F766-4919-B1AE-22D25D8D24AA}.Debug|ARM.Deploy.0 = Debug|iPhoneSimulator
		{4040D0E4-F766-4919-B1AE-22D25D8D24AA}.Debug|iPhone.ActiveCfg = Debug|iPhone
		{4040D0E4-F766-4919-B1AE-22D25D8D24AA}.Debug|iPhone.Build.0 = Debug|iPhone
		{4040D0E4-F766-4919-B1AE-22D25D8D24AA}.Debug|iPhone.Deploy.0 = Debug|iPhone
		{4040D0E4-F766-4919-B1AE-22D25D8D24AA}.Debug|iPhoneSimulator.ActiveCfg = Debug|iPhoneSimulator
		{4040D0E4-F766-4919-B1AE-22D25D8D24AA}.Debug|iPhoneSimulator.Build.0 = Debug|iPhoneSimulator
		{4040D0E4-F766-4919-B1AE-22D25D8D24AA}.Debug|iPhoneSimulator.Deploy.0 = Debug|iPhoneSimulator
		{4040D0E4-F766-4919-B1AE-22D25D8D24AA}.Debug|x64.ActiveCfg = Debug|iPhoneSimulator
		{4040D0E4-F766-4919-B1AE-22D25D8D24AA}.Debug|x64.Build.0 = Debug|iPhoneSimulator
		{4040D0E4-F766-4919-B1AE-22D25D8D24AA}.Debug|x64.Deploy.0 = Debug|iPhoneSimulator
		{4040D0E4-F766-4919-B1AE-22D25D8D24AA}.Debug|x86.ActiveCfg = Debug|iPhoneSimulator
		{4040D0E4-F766-4919-B1AE-22D25D8D24AA}.Debug|x86.Build.0 = Debug|iPhoneSimulator
		{4040D0E4-F766-4919-B1AE-22D25D8D24AA}.Debug|x86.Deploy.0 = Debug|iPhoneSimulator
		{4040D0E4-F766-4919-B1AE-22D25D8D24AA}.Release|Any CPU.ActiveCfg = Release|iPhoneSimulator
		{4040D0E4-F766-4919-B1AE-22D25D8D24AA}.Release|Any CPU.Build.0 = Release|iPhoneSimulator
		{4040D0E4-F766-4919-B1AE-22D25D8D24AA}.Release|Any CPU.Deploy.0 = Release|iPhoneSimulator
		{4040D0E4-F766-4919-B1AE-22D25D8D24AA}.Release|ARM.ActiveCfg = Release|iPhoneSimulator
		{4040D0E4-F766-4919-B1AE-22D25D8D24AA}.Release|ARM.Build.0 = Release|iPhoneSimulator
		{4040D0E4-F766-4919-B1AE-22D25D8D24AA}.Release|ARM.Deploy.0 = Release|iPhoneSimulator
		{4040D0E4-F766-4919-B1AE-22D25D8D24AA}.Release|iPhone.ActiveCfg = Release|iPhone
		{4040D0E4-F766-4919-B1AE-22D25D8D24AA}.Release|iPhone.Build.0 = Release|iPhone
		{4040D0E4-F766-4919-B1AE-22D25D8D24AA}.Release|iPhone.Deploy.0 = Release|iPhone
		{4040D0E4-F766-4919-B1AE-22D25D8D24AA}.Release|iPhoneSimulator.ActiveCfg = Release|iPhoneSimulator
		{4040D0E4-F766-4919-B1AE-22D25D8D24AA}.Release|iPhoneSimulator.Build.0 = Release|iPhoneSimulator
		{4040D0E4-F766-4919-B1AE-22D25D8D24AA}.Release|iPhoneSimulator.Deploy.0 = Release|iPhoneSimulator
		{4040D0E4-F766-4919-B1AE-22D25D8D24AA}.Release|x64.ActiveCfg = Release|iPhoneSimulator
		{4040D0E4-F766-4919-B1AE-22D25D8D24AA}.Release|x64.Build.0 = Release|iPhoneSimulator
		{4040D0E4-F766-4919-B1AE-22D25D8D24AA}.Release|x64.Deploy.0 = Release|iPhoneSimulator
		{4040D0E4-F766-4919-B1AE-22D25D8D24AA}.Release|x86.ActiveCfg = Release|iPhoneSimulator
		{4040D0E4-F766-4919-B1AE-22D25D8D24AA}.Release|x86.Build.0 = Release|iPhoneSimulator
		{4040D0E4-F766-4919-B1AE-22D25D8D24AA}.Release|x86.Deploy.0 = Release|iPhoneSimulator
		{29FBBDAD-8CCB-49DA-BABD-E284900279DE}.Debug|Any CPU.ActiveCfg = Debug|Any CPU
		{29FBBDAD-8CCB-49DA-BABD-E284900279DE}.Debug|Any CPU.Build.0 = Debug|Any CPU
		{29FBBDAD-8CCB-49DA-BABD-E284900279DE}.Debug|Any CPU.Deploy.0 = Debug|Any CPU
		{29FBBDAD-8CCB-49DA-BABD-E284900279DE}.Debug|ARM.ActiveCfg = Debug|Any CPU
		{29FBBDAD-8CCB-49DA-BABD-E284900279DE}.Debug|ARM.Build.0 = Debug|Any CPU
		{29FBBDAD-8CCB-49DA-BABD-E284900279DE}.Debug|ARM.Deploy.0 = Debug|Any CPU
		{29FBBDAD-8CCB-49DA-BABD-E284900279DE}.Debug|iPhone.ActiveCfg = Debug|Any CPU
		{29FBBDAD-8CCB-49DA-BABD-E284900279DE}.Debug|iPhone.Build.0 = Debug|Any CPU
		{29FBBDAD-8CCB-49DA-BABD-E284900279DE}.Debug|iPhone.Deploy.0 = Debug|Any CPU
		{29FBBDAD-8CCB-49DA-BABD-E284900279DE}.Debug|iPhoneSimulator.ActiveCfg = Debug|Any CPU
		{29FBBDAD-8CCB-49DA-BABD-E284900279DE}.Debug|iPhoneSimulator.Build.0 = Debug|Any CPU
		{29FBBDAD-8CCB-49DA-BABD-E284900279DE}.Debug|iPhoneSimulator.Deploy.0 = Debug|Any CPU
		{29FBBDAD-8CCB-49DA-BABD-E284900279DE}.Debug|x64.ActiveCfg = Debug|Any CPU
		{29FBBDAD-8CCB-49DA-BABD-E284900279DE}.Debug|x64.Build.0 = Debug|Any CPU
		{29FBBDAD-8CCB-49DA-BABD-E284900279DE}.Debug|x64.Deploy.0 = Debug|Any CPU
		{29FBBDAD-8CCB-49DA-BABD-E284900279DE}.Debug|x86.ActiveCfg = Debug|Any CPU
		{29FBBDAD-8CCB-49DA-BABD-E284900279DE}.Debug|x86.Build.0 = Debug|Any CPU
		{29FBBDAD-8CCB-49DA-BABD-E284900279DE}.Debug|x86.Deploy.0 = Debug|Any CPU
		{29FBBDAD-8CCB-49DA-BABD-E284900279DE}.Release|Any CPU.ActiveCfg = Release|Any CPU
		{29FBBDAD-8CCB-49DA-BABD-E284900279DE}.Release|Any CPU.Build.0 = Release|Any CPU
		{29FBBDAD-8CCB-49DA-BABD-E284900279DE}.Release|Any CPU.Deploy.0 = Release|Any CPU
		{29FBBDAD-8CCB-49DA-BABD-E284900279DE}.Release|ARM.ActiveCfg = Release|Any CPU
		{29FBBDAD-8CCB-49DA-BABD-E284900279DE}.Release|ARM.Build.0 = Release|Any CPU
		{29FBBDAD-8CCB-49DA-BABD-E284900279DE}.Release|ARM.Deploy.0 = Release|Any CPU
		{29FBBDAD-8CCB-49DA-BABD-E284900279DE}.Release|iPhone.ActiveCfg = Release|Any CPU
		{29FBBDAD-8CCB-49DA-BABD-E284900279DE}.Release|iPhone.Build.0 = Release|Any CPU
		{29FBBDAD-8CCB-49DA-BABD-E284900279DE}.Release|iPhone.Deploy.0 = Release|Any CPU
		{29FBBDAD-8CCB-49DA-BABD-E284900279DE}.Release|iPhoneSimulator.ActiveCfg = Release|Any CPU
		{29FBBDAD-8CCB-49DA-BABD-E284900279DE}.Release|iPhoneSimulator.Build.0 = Release|Any CPU
		{29FBBDAD-8CCB-49DA-BABD-E284900279DE}.Release|iPhoneSimulator.Deploy.0 = Release|Any CPU
		{29FBBDAD-8CCB-49DA-BABD-E284900279DE}.Release|x64.ActiveCfg = Release|Any CPU
		{29FBBDAD-8CCB-49DA-BABD-E284900279DE}.Release|x64.Build.0 = Release|Any CPU
		{29FBBDAD-8CCB-49DA-BABD-E284900279DE}.Release|x64.Deploy.0 = Release|Any CPU
		{29FBBDAD-8CCB-49DA-BABD-E284900279DE}.Release|x86.ActiveCfg = Release|Any CPU
		{29FBBDAD-8CCB-49DA-BABD-E284900279DE}.Release|x86.Build.0 = Release|Any CPU
		{29FBBDAD-8CCB-49DA-BABD-E284900279DE}.Release|x86.Deploy.0 = Release|Any CPU
	EndGlobalSection
	GlobalSection(SolutionProperties) = preSolution
		HideSolutionNode = FALSE
	EndGlobalSection
	GlobalSection(ExtensibilityGlobals) = postSolution
		SolutionGuid = {5E95059C-5106-419F-824D-106188187776}
	EndGlobalSection
EndGlobal
