// !$*UTF8*$!
{
	archiveVersion = 1;
	classes = {
	};
	objectVersion = 56;
	objects = {

/* Begin PBXBuildFile section */
		37ADF17529B210CF003EB82A /* DeviceInfoViewController.swift in Sources */ = {isa = PBXBuildFile; fileRef = 37ADF17129B210CF003EB82A /* DeviceInfoViewController.swift */; };
		37ADF17629B210CF003EB82A /* MainViewController.swift in Sources */ = {isa = PBXBuildFile; fileRef = 37ADF17229B210CF003EB82A /* MainViewController.swift */; };
		37ADF17729B210CF003EB82A /* SearchViewController.swift in Sources */ = {isa = PBXBuildFile; fileRef = 37ADF17329B210CF003EB82A /* SearchViewController.swift */; };
		37ADF17829B210CF003EB82A /* SignalViewController.swift in Sources */ = {isa = PBXBuildFile; fileRef = 37ADF17429B210CF003EB82A /* SignalViewController.swift */; };
		6739AE9929A4E1A90051ED2A /* ResistanceController.swift in Sources */ = {isa = PBXBuildFile; fileRef = 6739AE9829A4E1A90051ED2A /* ResistanceController.swift */; };
		673F40C72A21021C009222FE /* CorePlot.framework in Frameworks */ = {isa = PBXBuildFile; fileRef = 67A2E1F229A3836200F3F7E8 /* CorePlot.framework */; };
		673F40C82A21021C009222FE /* CorePlot.framework in Embed Frameworks */ = {isa = PBXBuildFile; fileRef = 67A2E1F229A3836200F3F7E8 /* CorePlot.framework */; settings = {ATTRIBUTES = (CodeSignOnCopy, RemoveHeadersOnCopy, ); }; };
		673F40CE2A210E6B009222FE /* ObjcEx.m in Sources */ = {isa = PBXBuildFile; fileRef = 673F40CD2A210E6B009222FE /* ObjcEx.m */; };
		67A2E1FA29A385D000F3F7E8 /* SignalGraphView.swift in Sources */ = {isa = PBXBuildFile; fileRef = 67A2E1F929A385D000F3F7E8 /* SignalGraphView.swift */; };
		67A2E21329A3A55E00F3F7E8 /* BrainBitController.swift in Sources */ = {isa = PBXBuildFile; fileRef = 67A2E21229A3A55E00F3F7E8 /* BrainBitController.swift */; };
		67E377D5299FBD0A00F889D4 /* AppDelegate.swift in Sources */ = {isa = PBXBuildFile; fileRef = 67E377D4299FBD0A00F889D4 /* AppDelegate.swift */; };
		67E377D7299FBD0A00F889D4 /* SceneDelegate.swift in Sources */ = {isa = PBXBuildFile; fileRef = 67E377D6299FBD0A00F889D4 /* SceneDelegate.swift */; };
		67E377D9299FBD0A00F889D4 /* ViewController.swift in Sources */ = {isa = PBXBuildFile; fileRef = 67E377D8299FBD0A00F889D4 /* ViewController.swift */; };
		67E377DC299FBD0A00F889D4 /* Main.storyboard in Resources */ = {isa = PBXBuildFile; fileRef = 67E377DA299FBD0A00F889D4 /* Main.storyboard */; };
		67E377DE299FBD0B00F889D4 /* Assets.xcassets in Resources */ = {isa = PBXBuildFile; fileRef = 67E377DD299FBD0B00F889D4 /* Assets.xcassets */; };
		67E377E1299FBD0B00F889D4 /* LaunchScreen.storyboard in Resources */ = {isa = PBXBuildFile; fileRef = 67E377DF299FBD0B00F889D4 /* LaunchScreen.storyboard */; };
		C177981CB07759D09585B9CD /* Pods_BrainBitDemo.framework in Frameworks */ = {isa = PBXBuildFile; fileRef = 5222EE1B9CD7DB30329F4198 /* Pods_BrainBitDemo.framework */; };
/* End PBXBuildFile section */

/* Begin PBXCopyFilesBuildPhase section */
		673F40C92A21021C009222FE /* Embed Frameworks */ = {
			isa = PBXCopyFilesBuildPhase;
			buildActionMask = 2147483647;
			dstPath = "";
			dstSubfolderSpec = 10;
			files = (
				673F40C82A21021C009222FE /* CorePlot.framework in Embed Frameworks */,
			);
			name = "Embed Frameworks";
			runOnlyForDeploymentPostprocessing = 0;
		};
/* End PBXCopyFilesBuildPhase section */

/* Begin PBXFileReference section */
		37ADF17129B210CF003EB82A /* DeviceInfoViewController.swift */ = {isa = PBXFileReference; fileEncoding = 4; lastKnownFileType = sourcecode.swift; path = DeviceInfoViewController.swift; sourceTree = "<group>"; };
		37ADF17229B210CF003EB82A /* MainViewController.swift */ = {isa = PBXFileReference; fileEncoding = 4; lastKnownFileType = sourcecode.swift; path = MainViewController.swift; sourceTree = "<group>"; };
		37ADF17329B210CF003EB82A /* SearchViewController.swift */ = {isa = PBXFileReference; fileEncoding = 4; lastKnownFileType = sourcecode.swift; path = SearchViewController.swift; sourceTree = "<group>"; };
		37ADF17429B210CF003EB82A /* SignalViewController.swift */ = {isa = PBXFileReference; fileEncoding = 4; lastKnownFileType = sourcecode.swift; path = SignalViewController.swift; sourceTree = "<group>"; };
		5222EE1B9CD7DB30329F4198 /* Pods_BrainBitDemo.framework */ = {isa = PBXFileReference; explicitFileType = wrapper.framework; includeInIndex = 0; path = Pods_BrainBitDemo.framework; sourceTree = BUILT_PRODUCTS_DIR; };
		5D0AD22257EC5734170A579D /* Pods-BrainBitDemo.release.xcconfig */ = {isa = PBXFileReference; includeInIndex = 1; lastKnownFileType = text.xcconfig; name = "Pods-BrainBitDemo.release.xcconfig"; path = "Target Support Files/Pods-BrainBitDemo/Pods-BrainBitDemo.release.xcconfig"; sourceTree = "<group>"; };
		6739AE9829A4E1A90051ED2A /* ResistanceController.swift */ = {isa = PBXFileReference; lastKnownFileType = sourcecode.swift; path = ResistanceController.swift; sourceTree = "<group>"; };
		673F40CB2A210E51009222FE /* ObjcEx.h */ = {isa = PBXFileReference; lastKnownFileType = sourcecode.c.h; path = ObjcEx.h; sourceTree = "<group>"; };
		673F40CC2A210E6A009222FE /* BrainBitDemo-Bridging-Header.h */ = {isa = PBXFileReference; lastKnownFileType = sourcecode.c.h; path = "BrainBitDemo-Bridging-Header.h"; sourceTree = "<group>"; };
		673F40CD2A210E6B009222FE /* ObjcEx.m */ = {isa = PBXFileReference; lastKnownFileType = sourcecode.c.objc; path = ObjcEx.m; sourceTree = "<group>"; };
		67A2E1F229A3836200F3F7E8 /* CorePlot.framework */ = {isa = PBXFileReference; lastKnownFileType = wrapper.framework; name = CorePlot.framework; path = frameworks/CorePlot.framework; sourceTree = "<group>"; };
		67A2E1F929A385D000F3F7E8 /* SignalGraphView.swift */ = {isa = PBXFileReference; fileEncoding = 4; lastKnownFileType = sourcecode.swift; path = SignalGraphView.swift; sourceTree = "<group>"; };
		67A2E21229A3A55E00F3F7E8 /* BrainBitController.swift */ = {isa = PBXFileReference; lastKnownFileType = sourcecode.swift; path = BrainBitController.swift; sourceTree = "<group>"; };
		67E377D1299FBD0A00F889D4 /* BrainBitDemo.app */ = {isa = PBXFileReference; explicitFileType = wrapper.application; includeInIndex = 0; path = BrainBitDemo.app; sourceTree = BUILT_PRODUCTS_DIR; };
		67E377D4299FBD0A00F889D4 /* AppDelegate.swift */ = {isa = PBXFileReference; lastKnownFileType = sourcecode.swift; path = AppDelegate.swift; sourceTree = "<group>"; };
		67E377D6299FBD0A00F889D4 /* SceneDelegate.swift */ = {isa = PBXFileReference; lastKnownFileType = sourcecode.swift; path = SceneDelegate.swift; sourceTree = "<group>"; };
		67E377D8299FBD0A00F889D4 /* ViewController.swift */ = {isa = PBXFileReference; lastKnownFileType = sourcecode.swift; path = ViewController.swift; sourceTree = "<group>"; };
		67E377DB299FBD0A00F889D4 /* Base */ = {isa = PBXFileReference; lastKnownFileType = file.storyboard; name = Base; path = Base.lproj/Main.storyboard; sourceTree = "<group>"; };
		67E377DD299FBD0B00F889D4 /* Assets.xcassets */ = {isa = PBXFileReference; lastKnownFileType = folder.assetcatalog; path = Assets.xcassets; sourceTree = "<group>"; };
		67E377E0299FBD0B00F889D4 /* Base */ = {isa = PBXFileReference; lastKnownFileType = file.storyboard; name = Base; path = Base.lproj/LaunchScreen.storyboard; sourceTree = "<group>"; };
		67E377E2299FBD0B00F889D4 /* Info.plist */ = {isa = PBXFileReference; lastKnownFileType = text.plist.xml; path = Info.plist; sourceTree = "<group>"; };
		E5FF464A6308CAD9AE7BAA17 /* Pods-BrainBitDemo.debug.xcconfig */ = {isa = PBXFileReference; includeInIndex = 1; lastKnownFileType = text.xcconfig; name = "Pods-BrainBitDemo.debug.xcconfig"; path = "Target Support Files/Pods-BrainBitDemo/Pods-BrainBitDemo.debug.xcconfig"; sourceTree = "<group>"; };
/* End PBXFileReference section */

/* Begin PBXFrameworksBuildPhase section */
		67E377CE299FBD0A00F889D4 /* Frameworks */ = {
			isa = PBXFrameworksBuildPhase;
			buildActionMask = 2147483647;
			files = (
				673F40C72A21021C009222FE /* CorePlot.framework in Frameworks */,
				C177981CB07759D09585B9CD /* Pods_BrainBitDemo.framework in Frameworks */,
			);
			runOnlyForDeploymentPostprocessing = 0;
		};
/* End PBXFrameworksBuildPhase section */

/* Begin PBXGroup section */
		1BDF32BE7D03ACCDE617AF5E /* Pods */ = {
			isa = PBXGroup;
			children = (
				E5FF464A6308CAD9AE7BAA17 /* Pods-BrainBitDemo.debug.xcconfig */,
				5D0AD22257EC5734170A579D /* Pods-BrainBitDemo.release.xcconfig */,
			);
			path = Pods;
			sourceTree = "<group>";
		};
		673F40CA2A210E3C009222FE /* Exceptions */ = {
			isa = PBXGroup;
			children = (
				673F40CB2A210E51009222FE /* ObjcEx.h */,
				673F40CD2A210E6B009222FE /* ObjcEx.m */,
				673F40CC2A210E6A009222FE /* BrainBitDemo-Bridging-Header.h */,
			);
			path = Exceptions;
			sourceTree = "<group>";
		};
		67A2E1F129A3836100F3F7E8 /* Frameworks */ = {
			isa = PBXGroup;
			children = (
				67A2E1F229A3836200F3F7E8 /* CorePlot.framework */,
				5222EE1B9CD7DB30329F4198 /* Pods_BrainBitDemo.framework */,
			);
			name = Frameworks;
			sourceTree = "<group>";
		};
		67A2E20529A3863700F3F7E8 /* NeuroImpl */ = {
			isa = PBXGroup;
			children = (
				67A2E21229A3A55E00F3F7E8 /* BrainBitController.swift */,
			);
			path = NeuroImpl;
			sourceTree = "<group>";
		};
		67A2E20629A3865400F3F7E8 /* Controllers */ = {
			isa = PBXGroup;
			children = (
				37ADF17129B210CF003EB82A /* DeviceInfoViewController.swift */,
				37ADF17229B210CF003EB82A /* MainViewController.swift */,
				37ADF17329B210CF003EB82A /* SearchViewController.swift */,
				37ADF17429B210CF003EB82A /* SignalViewController.swift */,
				6739AE9829A4E1A90051ED2A /* ResistanceController.swift */,
			);
			path = Controllers;
			sourceTree = "<group>";
		};
		67E377C8299FBD0A00F889D4 = {
			isa = PBXGroup;
			children = (
				67E377D3299FBD0A00F889D4 /* BrainBitDemo */,
				67E377D2299FBD0A00F889D4 /* Products */,
				67A2E1F129A3836100F3F7E8 /* Frameworks */,
				1BDF32BE7D03ACCDE617AF5E /* Pods */,
			);
			sourceTree = "<group>";
		};
		67E377D2299FBD0A00F889D4 /* Products */ = {
			isa = PBXGroup;
			children = (
				67E377D1299FBD0A00F889D4 /* BrainBitDemo.app */,
			);
			name = Products;
			sourceTree = "<group>";
		};
		67E377D3299FBD0A00F889D4 /* BrainBitDemo */ = {
			isa = PBXGroup;
			children = (
				673F40CA2A210E3C009222FE /* Exceptions */,
				67A2E20629A3865400F3F7E8 /* Controllers */,
				67A2E20529A3863700F3F7E8 /* NeuroImpl */,
				67A2E1F929A385D000F3F7E8 /* SignalGraphView.swift */,
				67E377D4299FBD0A00F889D4 /* AppDelegate.swift */,
				67E377D6299FBD0A00F889D4 /* SceneDelegate.swift */,
				67E377D8299FBD0A00F889D4 /* ViewController.swift */,
				67E377DA299FBD0A00F889D4 /* Main.storyboard */,
				67E377DD299FBD0B00F889D4 /* Assets.xcassets */,
				67E377DF299FBD0B00F889D4 /* LaunchScreen.storyboard */,
				67E377E2299FBD0B00F889D4 /* Info.plist */,
			);
			path = BrainBitDemo;
			sourceTree = "<group>";
		};
/* End PBXGroup section */

/* Begin PBXNativeTarget section */
		67E377D0299FBD0A00F889D4 /* BrainBitDemo */ = {
			isa = PBXNativeTarget;
			buildConfigurationList = 67E377E5299FBD0B00F889D4 /* Build configuration list for PBXNativeTarget "BrainBitDemo" */;
			buildPhases = (
				0FE73DDEA1B5A46CF2593F52 /* [CP] Check Pods Manifest.lock */,
				67E377CD299FBD0A00F889D4 /* Sources */,
				67E377CE299FBD0A00F889D4 /* Frameworks */,
				67E377CF299FBD0A00F889D4 /* Resources */,
				588FF0429653C6DC3365657F /* [CP] Embed Pods Frameworks */,
				673F40C92A21021C009222FE /* Embed Frameworks */,
			);
			buildRules = (
			);
			dependencies = (
			);
			name = BrainBitDemo;
			productName = BrainBitDemo;
			productReference = 67E377D1299FBD0A00F889D4 /* BrainBitDemo.app */;
			productType = "com.apple.product-type.application";
		};
/* End PBXNativeTarget section */

/* Begin PBXProject section */
		67E377C9299FBD0A00F889D4 /* Project object */ = {
			isa = PBXProject;
			attributes = {
				BuildIndependentTargetsInParallel = 1;
				LastSwiftUpdateCheck = 1400;
				LastUpgradeCheck = 1400;
				TargetAttributes = {
					67E377D0299FBD0A00F889D4 = {
						CreatedOnToolsVersion = 14.0.1;
						LastSwiftMigration = 1430;
					};
				};
			};
			buildConfigurationList = 67E377CC299FBD0A00F889D4 /* Build configuration list for PBXProject "BrainBitDemo" */;
			compatibilityVersion = "Xcode 14.0";
			developmentRegion = en;
			hasScannedForEncodings = 0;
			knownRegions = (
				en,
				Base,
			);
			mainGroup = 67E377C8299FBD0A00F889D4;
			productRefGroup = 67E377D2299FBD0A00F889D4 /* Products */;
			projectDirPath = "";
			projectRoot = "";
			targets = (
				67E377D0299FBD0A00F889D4 /* BrainBitDemo */,
			);
		};
/* End PBXProject section */

/* Begin PBXResourcesBuildPhase section */
		67E377CF299FBD0A00F889D4 /* Resources */ = {
			isa = PBXResourcesBuildPhase;
			buildActionMask = 2147483647;
			files = (
				67E377E1299FBD0B00F889D4 /* LaunchScreen.storyboard in Resources */,
				67E377DE299FBD0B00F889D4 /* Assets.xcassets in Resources */,
				67E377DC299FBD0A00F889D4 /* Main.storyboard in Resources */,
			);
			runOnlyForDeploymentPostprocessing = 0;
		};
/* End PBXResourcesBuildPhase section */

/* Begin PBXShellScriptBuildPhase section */
		0FE73DDEA1B5A46CF2593F52 /* [CP] Check Pods Manifest.lock */ = {
			isa = PBXShellScriptBuildPhase;
			buildActionMask = 2147483647;
			files = (
			);
			inputFileListPaths = (
			);
			inputPaths = (
				"${PODS_PODFILE_DIR_PATH}/Podfile.lock",
				"${PODS_ROOT}/Manifest.lock",
			);
			name = "[CP] Check Pods Manifest.lock";
			outputFileListPaths = (
			);
			outputPaths = (
				"$(DERIVED_FILE_DIR)/Pods-BrainBitDemo-checkManifestLockResult.txt",
			);
			runOnlyForDeploymentPostprocessing = 0;
			shellPath = /bin/sh;
			shellScript = "diff \"${PODS_PODFILE_DIR_PATH}/Podfile.lock\" \"${PODS_ROOT}/Manifest.lock\" > /dev/null\nif [ $? != 0 ] ; then\n    # print error to STDERR\n    echo \"error: The sandbox is not in sync with the Podfile.lock. Run 'pod install' or update your CocoaPods installation.\" >&2\n    exit 1\nfi\n# This output is used by Xcode 'outputs' to avoid re-running this script phase.\necho \"SUCCESS\" > \"${SCRIPT_OUTPUT_FILE_0}\"\n";
			showEnvVarsInLog = 0;
		};
		588FF0429653C6DC3365657F /* [CP] Embed Pods Frameworks */ = {
			isa = PBXShellScriptBuildPhase;
			buildActionMask = 2147483647;
			files = (
			);
			inputFileListPaths = (
				"${PODS_ROOT}/Target Support Files/Pods-BrainBitDemo/Pods-BrainBitDemo-frameworks-${CONFIGURATION}-input-files.xcfilelist",
			);
			name = "[CP] Embed Pods Frameworks";
			outputFileListPaths = (
				"${PODS_ROOT}/Target Support Files/Pods-BrainBitDemo/Pods-BrainBitDemo-frameworks-${CONFIGURATION}-output-files.xcfilelist",
			);
			runOnlyForDeploymentPostprocessing = 0;
			shellPath = /bin/sh;
			shellScript = "\"${PODS_ROOT}/Target Support Files/Pods-BrainBitDemo/Pods-BrainBitDemo-frameworks.sh\"\n";
			showEnvVarsInLog = 0;
		};
/* End PBXShellScriptBuildPhase section */

/* Begin PBXSourcesBuildPhase section */
		67E377CD299FBD0A00F889D4 /* Sources */ = {
			isa = PBXSourcesBuildPhase;
			buildActionMask = 2147483647;
			files = (
				37ADF17729B210CF003EB82A /* SearchViewController.swift in Sources */,
				673F40CE2A210E6B009222FE /* ObjcEx.m in Sources */,
				37ADF17829B210CF003EB82A /* SignalViewController.swift in Sources */,
				67E377D9299FBD0A00F889D4 /* ViewController.swift in Sources */,
				67E377D5299FBD0A00F889D4 /* AppDelegate.swift in Sources */,
				6739AE9929A4E1A90051ED2A /* ResistanceController.swift in Sources */,
				37ADF17529B210CF003EB82A /* DeviceInfoViewController.swift in Sources */,
				67E377D7299FBD0A00F889D4 /* SceneDelegate.swift in Sources */,
				37ADF17629B210CF003EB82A /* MainViewController.swift in Sources */,
				67A2E1FA29A385D000F3F7E8 /* SignalGraphView.swift in Sources */,
				67A2E21329A3A55E00F3F7E8 /* BrainBitController.swift in Sources */,
			);
			runOnlyForDeploymentPostprocessing = 0;
		};
/* End PBXSourcesBuildPhase section */

/* Begin PBXVariantGroup section */
		67E377DA299FBD0A00F889D4 /* Main.storyboard */ = {
			isa = PBXVariantGroup;
			children = (
				67E377DB299FBD0A00F889D4 /* Base */,
			);
			name = Main.storyboard;
			sourceTree = "<group>";
		};
		67E377DF299FBD0B00F889D4 /* LaunchScreen.storyboard */ = {
			isa = PBXVariantGroup;
			children = (
				67E377E0299FBD0B00F889D4 /* Base */,
			);
			name = LaunchScreen.storyboard;
			sourceTree = "<group>";
		};
/* End PBXVariantGroup section */

/* Begin XCBuildConfiguration section */
		67E377E3299FBD0B00F889D4 /* Debug */ = {
			isa = XCBuildConfiguration;
			buildSettings = {
				ALWAYS_SEARCH_USER_PATHS = NO;
				CLANG_ANALYZER_NONNULL = YES;
				CLANG_ANALYZER_NUMBER_OBJECT_CONVERSION = YES_AGGRESSIVE;
				CLANG_CXX_LANGUAGE_STANDARD = "gnu++20";
				CLANG_ENABLE_MODULES = YES;
				CLANG_ENABLE_OBJC_ARC = YES;
				CLANG_ENABLE_OBJC_WEAK = YES;
				CLANG_WARN_BLOCK_CAPTURE_AUTORELEASING = YES;
				CLANG_WARN_BOOL_CONVERSION = YES;
				CLANG_WARN_COMMA = YES;
				CLANG_WARN_CONSTANT_CONVERSION = YES;
				CLANG_WARN_DEPRECATED_OBJC_IMPLEMENTATIONS = YES;
				CLANG_WARN_DIRECT_OBJC_ISA_USAGE = YES_ERROR;
				CLANG_WARN_DOCUMENTATION_COMMENTS = YES;
				CLANG_WARN_EMPTY_BODY = YES;
				CLANG_WARN_ENUM_CONVERSION = YES;
				CLANG_WARN_INFINITE_RECURSION = YES;
				CLANG_WARN_INT_CONVERSION = YES;
				CLANG_WARN_NON_LITERAL_NULL_CONVERSION = YES;
				CLANG_WARN_OBJC_IMPLICIT_RETAIN_SELF = YES;
				CLANG_WARN_OBJC_LITERAL_CONVERSION = YES;
				CLANG_WARN_OBJC_ROOT_CLASS = YES_ERROR;
				CLANG_WARN_QUOTED_INCLUDE_IN_FRAMEWORK_HEADER = YES;
				CLANG_WARN_RANGE_LOOP_ANALYSIS = YES;
				CLANG_WARN_STRICT_PROTOTYPES = YES;
				CLANG_WARN_SUSPICIOUS_MOVE = YES;
				CLANG_WARN_UNGUARDED_AVAILABILITY = YES_AGGRESSIVE;
				CLANG_WARN_UNREACHABLE_CODE = YES;
				CLANG_WARN__DUPLICATE_METHOD_MATCH = YES;
				COPY_PHASE_STRIP = NO;
				DEBUG_INFORMATION_FORMAT = dwarf;
				ENABLE_STRICT_OBJC_MSGSEND = YES;
				ENABLE_TESTABILITY = YES;
				GCC_C_LANGUAGE_STANDARD = gnu11;
				GCC_DYNAMIC_NO_PIC = NO;
				GCC_NO_COMMON_BLOCKS = YES;
				GCC_OPTIMIZATION_LEVEL = 0;
				GCC_PREPROCESSOR_DEFINITIONS = (
					"DEBUG=1",
					"$(inherited)",
				);
				GCC_WARN_64_TO_32_BIT_CONVERSION = YES;
				GCC_WARN_ABOUT_RETURN_TYPE = YES_ERROR;
				GCC_WARN_UNDECLARED_SELECTOR = YES;
				GCC_WARN_UNINITIALIZED_AUTOS = YES_AGGRESSIVE;
				GCC_WARN_UNUSED_FUNCTION = YES;
				GCC_WARN_UNUSED_VARIABLE = YES;
				IPHONEOS_DEPLOYMENT_TARGET = 16.0;
				MTL_ENABLE_DEBUG_INFO = INCLUDE_SOURCE;
				MTL_FAST_MATH = YES;
				ONLY_ACTIVE_ARCH = YES;
				SDKROOT = iphoneos;
				SWIFT_ACTIVE_COMPILATION_CONDITIONS = DEBUG;
				SWIFT_OPTIMIZATION_LEVEL = "-Onone";
			};
			name = Debug;
		};
		67E377E4299FBD0B00F889D4 /* Release */ = {
			isa = XCBuildConfiguration;
			buildSettings = {
				ALWAYS_SEARCH_USER_PATHS = NO;
				CLANG_ANALYZER_NONNULL = YES;
				CLANG_ANALYZER_NUMBER_OBJECT_CONVERSION = YES_AGGRESSIVE;
				CLANG_CXX_LANGUAGE_STANDARD = "gnu++20";
				CLANG_ENABLE_MODULES = YES;
				CLANG_ENABLE_OBJC_ARC = YES;
				CLANG_ENABLE_OBJC_WEAK = YES;
				CLANG_WARN_BLOCK_CAPTURE_AUTORELEASING = YES;
				CLANG_WARN_BOOL_CONVERSION = YES;
				CLANG_WARN_COMMA = YES;
				CLANG_WARN_CONSTANT_CONVERSION = YES;
				CLANG_WARN_DEPRECATED_OBJC_IMPLEMENTATIONS = YES;
				CLANG_WARN_DIRECT_OBJC_ISA_USAGE = YES_ERROR;
				CLANG_WARN_DOCUMENTATION_COMMENTS = YES;
				CLANG_WARN_EMPTY_BODY = YES;
				CLANG_WARN_ENUM_CONVERSION = YES;
				CLANG_WARN_INFINITE_RECURSION = YES;
				CLANG_WARN_INT_CONVERSION = YES;
				CLANG_WARN_NON_LITERAL_NULL_CONVERSION = YES;
				CLANG_WARN_OBJC_IMPLICIT_RETAIN_SELF = YES;
				CLANG_WARN_OBJC_LITERAL_CONVERSION = YES;
				CLANG_WARN_OBJC_ROOT_CLASS = YES_ERROR;
				CLANG_WARN_QUOTED_INCLUDE_IN_FRAMEWORK_HEADER = YES;
				CLANG_WARN_RANGE_LOOP_ANALYSIS = YES;
				CLANG_WARN_STRICT_PROTOTYPES = YES;
				CLANG_WARN_SUSPICIOUS_MOVE = YES;
				CLANG_WARN_UNGUARDED_AVAILABILITY = YES_AGGRESSIVE;
				CLANG_WARN_UNREACHABLE_CODE = YES;
				CLANG_WARN__DUPLICATE_METHOD_MATCH = YES;
				COPY_PHASE_STRIP = NO;
				DEBUG_INFORMATION_FORMAT = "dwarf-with-dsym";
				ENABLE_NS_ASSERTIONS = NO;
				ENABLE_STRICT_OBJC_MSGSEND = YES;
				GCC_C_LANGUAGE_STANDARD = gnu11;
				GCC_NO_COMMON_BLOCKS = YES;
				GCC_WARN_64_TO_32_BIT_CONVERSION = YES;
				GCC_WARN_ABOUT_RETURN_TYPE = YES_ERROR;
				GCC_WARN_UNDECLARED_SELECTOR = YES;
				GCC_WARN_UNINITIALIZED_AUTOS = YES_AGGRESSIVE;
				GCC_WARN_UNUSED_FUNCTION = YES;
				GCC_WARN_UNUSED_VARIABLE = YES;
				IPHONEOS_DEPLOYMENT_TARGET = 16.0;
				MTL_ENABLE_DEBUG_INFO = NO;
				MTL_FAST_MATH = YES;
				SDKROOT = iphoneos;
				SWIFT_COMPILATION_MODE = wholemodule;
				SWIFT_OPTIMIZATION_LEVEL = "-O";
				VALIDATE_PRODUCT = YES;
			};
			name = Release;
		};
		67E377E6299FBD0B00F889D4 /* Debug */ = {
			isa = XCBuildConfiguration;
			baseConfigurationReference = E5FF464A6308CAD9AE7BAA17 /* Pods-BrainBitDemo.debug.xcconfig */;
			buildSettings = {
				ASSETCATALOG_COMPILER_APPICON_NAME = AppIcon;
				ASSETCATALOG_COMPILER_GLOBAL_ACCENT_COLOR_NAME = AccentColor;
				CLANG_ENABLE_MODULES = YES;
				CODE_SIGN_STYLE = Automatic;
				CURRENT_PROJECT_VERSION = 1;
				DEVELOPMENT_TEAM = GH9FBW6YAX;
				FRAMEWORK_SEARCH_PATHS = (
					"$(inherited)",
					"$(PROJECT_DIR)/frameworks",
				);
				GENERATE_INFOPLIST_FILE = YES;
				INFOPLIST_FILE = BrainBitDemo/Info.plist;
				INFOPLIST_KEY_NSBluetoothAlwaysUsageDescription = "For search devices";
				INFOPLIST_KEY_UIApplicationSupportsIndirectInputEvents = YES;
				INFOPLIST_KEY_UILaunchStoryboardName = LaunchScreen;
				INFOPLIST_KEY_UIMainStoryboardFile = Main;
				INFOPLIST_KEY_UISupportedInterfaceOrientations_iPad = "UIInterfaceOrientationPortrait UIInterfaceOrientationPortraitUpsideDown UIInterfaceOrientationLandscapeLeft UIInterfaceOrientationLandscapeRight";
				INFOPLIST_KEY_UISupportedInterfaceOrientations_iPhone = "UIInterfaceOrientationPortrait UIInterfaceOrientationLandscapeLeft UIInterfaceOrientationLandscapeRight";
				IPHONEOS_DEPLOYMENT_TARGET = 12.0;
				LD_RUNPATH_SEARCH_PATHS = (
					"$(inherited)",
					"@executable_path/Frameworks",
				);
				MARKETING_VERSION = 1.0;
				PRODUCT_BUNDLE_IDENTIFIER = com.neurotech.brainbitdemo.BrainBitDemo;
				PRODUCT_NAME = "$(TARGET_NAME)";
				SWIFT_EMIT_LOC_STRINGS = YES;
				SWIFT_OBJC_BRIDGING_HEADER = "BrainBitDemo/Exceptions/BrainBitDemo-Bridging-Header.h";
				SWIFT_OPTIMIZATION_LEVEL = "-Onone";
				SWIFT_VERSION = 5.0;
				TARGETED_DEVICE_FAMILY = "1,2";
			};
			name = Debug;
		};
		67E377E7299FBD0B00F889D4 /* Release */ = {
			isa = XCBuildConfiguration;
			baseConfigurationReference = 5D0AD22257EC5734170A579D /* Pods-BrainBitDemo.release.xcconfig */;
			buildSettings = {
				ASSETCATALOG_COMPILER_APPICON_NAME = AppIcon;
				ASSETCATALOG_COMPILER_GLOBAL_ACCENT_COLOR_NAME = AccentColor;
				CLANG_ENABLE_MODULES = YES;
				CODE_SIGN_STYLE = Automatic;
				CURRENT_PROJECT_VERSION = 1;
				DEVELOPMENT_TEAM = GH9FBW6YAX;
				FRAMEWORK_SEARCH_PATHS = (
					"$(inherited)",
					"$(PROJECT_DIR)/frameworks",
				);
				GENERATE_INFOPLIST_FILE = YES;
				INFOPLIST_FILE = BrainBitDemo/Info.plist;
				INFOPLIST_KEY_NSBluetoothAlwaysUsageDescription = "For search devices";
				INFOPLIST_KEY_UIApplicationSupportsIndirectInputEvents = YES;
				INFOPLIST_KEY_UILaunchStoryboardName = LaunchScreen;
				INFOPLIST_KEY_UIMainStoryboardFile = Main;
				INFOPLIST_KEY_UISupportedInterfaceOrientations_iPad = "UIInterfaceOrientationPortrait UIInterfaceOrientationPortraitUpsideDown UIInterfaceOrientationLandscapeLeft UIInterfaceOrientationLandscapeRight";
				INFOPLIST_KEY_UISupportedInterfaceOrientations_iPhone = "UIInterfaceOrientationPortrait UIInterfaceOrientationLandscapeLeft UIInterfaceOrientationLandscapeRight";
				IPHONEOS_DEPLOYMENT_TARGET = 12.0;
				LD_RUNPATH_SEARCH_PATHS = (
					"$(inherited)",
					"@executable_path/Frameworks",
				);
				MARKETING_VERSION = 1.0;
				PRODUCT_BUNDLE_IDENTIFIER = com.neurotech.brainbitdemo.BrainBitDemo;
				PRODUCT_NAME = "$(TARGET_NAME)";
				SWIFT_EMIT_LOC_STRINGS = YES;
				SWIFT_OBJC_BRIDGING_HEADER = "BrainBitDemo/Exceptions/BrainBitDemo-Bridging-Header.h";
				SWIFT_VERSION = 5.0;
				TARGETED_DEVICE_FAMILY = "1,2";
			};
			name = Release;
		};
/* End XCBuildConfiguration section */

/* Begin XCConfigurationList section */
		67E377CC299FBD0A00F889D4 /* Build configuration list for PBXProject "BrainBitDemo" */ = {
			isa = XCConfigurationList;
			buildConfigurations = (
				67E377E3299FBD0B00F889D4 /* Debug */,
				67E377E4299FBD0B00F889D4 /* Release */,
			);
			defaultConfigurationIsVisible = 0;
			defaultConfigurationName = Release;
		};
		67E377E5299FBD0B00F889D4 /* Build configuration list for PBXNativeTarget "BrainBitDemo" */ = {
			isa = XCConfigurationList;
			buildConfigurations = (
				67E377E6299FBD0B00F889D4 /* Debug */,
				67E377E7299FBD0B00F889D4 /* Release */,
			);
			defaultConfigurationIsVisible = 0;
			defaultConfigurationName = Release;
		};
/* End XCConfigurationList section */
	};
	rootObject = 67E377C9299FBD0A00F889D4 /* Project object */;
}
